
Microsoft Visual Studio Solution File, Format Version 12.00
# Visual Studio Version 17
VisualStudioVersion = 17.10.35027.167
MinimumVisualStudioVersion = 10.0.40219.1
Project("{FAE04EC0-301F-11D3-BF4B-00C04F79EFBC}") = "Front", "Front.csproj", "{FBC45C9E-BBE4-42E6-81BB-1A1292A56623}"
EndProject
Global
	GlobalSection(SolutionConfigurationPlatforms) = preSolution
		Debug|Any CPU = Debug|Any CPU
		Release|Any CPU = Release|Any CPU
	EndGlobalSection
	GlobalSection(ProjectConfigurationPlatforms) = postSolution
		{FBC45C9E-BBE4-42E6-81BB-1A1292A56623}.Debug|Any CPU.ActiveCfg = Debug|Any CPU
		{FBC45C9E-BBE4-42E6-81BB-1A1292A56623}.Debug|Any CPU.Build.0 = Debug|Any CPU
		{FBC45C9E-BBE4-42E6-81BB-1A1292A56623}.Release|Any CPU.ActiveCfg = Release|Any CPU
		{FBC45C9E-BBE4-42E6-81BB-1A1292A56623}.Release|Any CPU.Build.0 = Release|Any CPU
	EndGlobalSection
	GlobalSection(SolutionProperties) = preSolution
		HideSolutionNode = FALSE
	EndGlobalSection
	GlobalSection(ExtensibilityGlobals) = postSolution
		SolutionGuid = {657D9F0C-8F1C-4521-9E3D-74E91FA9FC43}
	EndGlobalSection
EndGlobal
